Microsoft Visual Studio Solution File, Format Version 12.00
# Visual Studio Version 17
VisualStudioVersion = 17.5.2.0
MinimumVisualStudioVersion = 10.0.40219.1
Project("{FAE04EC0-301F-11D3-BF4B-00C04F79EFBC}") = "TaskCrudApi", "backend\TaskCrudApi.csproj", "{A8616D50-473F-89F1-2392-5DDC29F9CD51}"
EndProject
Global
	GlobalSection(SolutionConfigurationPlatforms) = preSolution
		Debug|Any CPU = Debug|Any CPU
		Release|Any CPU = Release|Any CPU
	EndGlobalSection
	GlobalSection(ProjectConfigurationPlatforms) = postSolution
		{A8616D50-473F-89F1-2392-5DDC29F9CD51}.Debug|Any CPU.ActiveCfg = Debug|Any CPU
		{A8616D50-473F-89F1-2392-5DDC29F9CD51}.Debug|Any CPU.Build.0 = Debug|Any CPU
		{A8616D50-473F-89F1-2392-5DDC29F9CD51}.Release|Any CPU.ActiveCfg = Release|Any CPU
		{A8616D50-473F-89F1-2392-5DDC29F9CD51}.Release|Any CPU.Build.0 = Release|Any CPU
	EndGlobalSection
	GlobalSection(SolutionProperties) = preSolution
		HideSolutionNode = FALSE
	EndGlobalSection
	GlobalSection(ExtensibilityGlobals) = postSolution
		SolutionGuid = {4DDA29DA-48AE-45D4-B748-CD25C0325165}
	EndGlobalSection
EndGlobal
